
Microsoft Visual Studio Solution File, Format Version 12.00
# Visual Studio Version 17
VisualStudioVersion = 17.4.33205.214
MinimumVisualStudioVersion = 10.0.40219.1
Project("{9A19103F-16F7-4668-BE54-9A1E7A4F7556}") = "SYFY_Main", "SYFY_Main.csproj", "{DCF13CF7-F415-456C-ACD1-64106828EB01}"
EndProject
Project("{9A19103F-16F7-4668-BE54-9A1E7A4F7556}") = "SYFY_Domain", "..\SYFY_Model\SYFY_Domain.csproj", "{A4C64A94-7C92-4319-8ADA-3A8925169279}"
EndProject
Project("{9A19103F-16F7-4668-BE54-9A1E7A4F7556}") = "SYFY_Application", "..\SYFY_Core\SYFY_Application.csproj", "{569A7DBA-C20C-4DC4-AF0F-785BC1086B6F}"
EndProject
Project("{9A19103F-16F7-4668-BE54-9A1E7A4F7556}") = "SYFY_Plugin_DatabaseSimulation", "..\SYFY_DatabaseSimulation\SYFY_Plugin_DatabaseSimulation.csproj", "{DB203BF4-1B48-4664-ACB5-CED3DB0FF53B}"
EndProject
Project("{9A19103F-16F7-4668-BE54-9A1E7A4F7556}") = "SYFY_Plugin_GUI_WPF", "..\SYFY_Plugin_GUI_WPF\SYFY_Plugin_GUI_WPF.csproj", "{BA940F49-8AB0-48D0-BBC8-A8DA7D18470F}"
EndProject
Project("{9A19103F-16F7-4668-BE54-9A1E7A4F7556}") = "SYFY_Adapter_GUI", "..\SYFY_Adapter_GUI\SYFY_Adapter_GUI.csproj", "{FD61C337-90B2-4745-936C-4A8D8C295587}"
EndProject
Project("{9A19103F-16F7-4668-BE54-9A1E7A4F7556}") = "SYFY_Adapter_DatabaseSimulation", "..\SYFY_Adapter_DatabaseSimulation\SYFY_Adapter_DatabaseSimulation.csproj", "{1A68FC74-33A7-4EA1-9CFF-303A58EDFFF4}"
EndProject
Project("{9A19103F-16F7-4668-BE54-9A1E7A4F7556}") = "SYFY_Adapter_GUITests", "..\SYFY_Adapter_GUITests\SYFY_Adapter_GUITests.csproj", "{F3398669-4AF5-44F7-96DA-79545EBBBAA0}"
EndProject
Project("{FAE04EC0-301F-11D3-BF4B-00C04F79EFBC}") = "SYFY_ApplicationTests", "..\SYFY_ApplicationTests\SYFY_ApplicationTests.csproj", "{2334BDF0-411F-4768-A669-868531F76B7A}"
EndProject
Project("{FAE04EC0-301F-11D3-BF4B-00C04F79EFBC}") = "SYFY_Plugin_DatabaseSimulationTests", "..\SYFY_Plugin_DatabaseSimulationTests\SYFY_Plugin_DatabaseSimulationTests.csproj", "{EAEC35A6-E320-4AED-A811-A00C76FE0968}"
EndProject
Global
	GlobalSection(SolutionConfigurationPlatforms) = preSolution
		Debug|Any CPU = Debug|Any CPU
		Release|Any CPU = Release|Any CPU
	EndGlobalSection
	GlobalSection(ProjectConfigurationPlatforms) = postSolution
		{DCF13CF7-F415-456C-ACD1-64106828EB01}.Debug|Any CPU.ActiveCfg = Debug|Any CPU
		{DCF13CF7-F415-456C-ACD1-64106828EB01}.Debug|Any CPU.Build.0 = Debug|Any CPU
		{DCF13CF7-F415-456C-ACD1-64106828EB01}.Release|Any CPU.ActiveCfg = Release|Any CPU
		{DCF13CF7-F415-456C-ACD1-64106828EB01}.Release|Any CPU.Build.0 = Release|Any CPU
		{A4C64A94-7C92-4319-8ADA-3A8925169279}.Debug|Any CPU.ActiveCfg = Debug|Any CPU
		{A4C64A94-7C92-4319-8ADA-3A8925169279}.Debug|Any CPU.Build.0 = Debug|Any CPU
		{A4C64A94-7C92-4319-8ADA-3A8925169279}.Release|Any CPU.ActiveCfg = Release|Any CPU
		{A4C64A94-7C92-4319-8ADA-3A8925169279}.Release|Any CPU.Build.0 = Release|Any CPU
		{569A7DBA-C20C-4DC4-AF0F-785BC1086B6F}.Debug|Any CPU.ActiveCfg = Debug|Any CPU
		{569A7DBA-C20C-4DC4-AF0F-785BC1086B6F}.Debug|Any CPU.Build.0 = Debug|Any CPU
		{569A7DBA-C20C-4DC4-AF0F-785BC1086B6F}.Release|Any CPU.ActiveCfg = Release|Any CPU
		{569A7DBA-C20C-4DC4-AF0F-785BC1086B6F}.Release|Any CPU.Build.0 = Release|Any CPU
		{DB203BF4-1B48-4664-ACB5-CED3DB0FF53B}.Debug|Any CPU.ActiveCfg = Debug|Any CPU
		{DB203BF4-1B48-4664-ACB5-CED3DB0FF53B}.Debug|Any CPU.Build.0 = Debug|Any CPU
		{DB203BF4-1B48-4664-ACB5-CED3DB0FF53B}.Release|Any CPU.ActiveCfg = Release|Any CPU
		{DB203BF4-1B48-4664-ACB5-CED3DB0FF53B}.Release|Any CPU.Build.0 = Release|Any CPU
		{BA940F49-8AB0-48D0-BBC8-A8DA7D18470F}.Debug|Any CPU.ActiveCfg = Debug|Any CPU
		{BA940F49-8AB0-48D0-BBC8-A8DA7D18470F}.Debug|Any CPU.Build.0 = Debug|Any CPU
		{BA940F49-8AB0-48D0-BBC8-A8DA7D18470F}.Release|Any CPU.ActiveCfg = Release|Any CPU
		{BA940F49-8AB0-48D0-BBC8-A8DA7D18470F}.Release|Any CPU.Build.0 = Release|Any CPU
		{FD61C337-90B2-4745-936C-4A8D8C295587}.Debug|Any CPU.ActiveCfg = Debug|Any CPU
		{FD61C337-90B2-4745-936C-4A8D8C295587}.Debug|Any CPU.Build.0 = Debug|Any CPU
		{FD61C337-90B2-4745-936C-4A8D8C295587}.Release|Any CPU.ActiveCfg = Release|Any CPU
		{FD61C337-90B2-4745-936C-4A8D8C295587}.Release|Any CPU.Build.0 = Release|Any CPU
		{1A68FC74-33A7-4EA1-9CFF-303A58EDFFF4}.Debug|Any CPU.ActiveCfg = Debug|Any CPU
		{1A68FC74-33A7-4EA1-9CFF-303A58EDFFF4}.Debug|Any CPU.Build.0 = Debug|Any CPU
		{1A68FC74-33A7-4EA1-9CFF-303A58EDFFF4}.Release|Any CPU.ActiveCfg = Release|Any CPU
		{1A68FC74-33A7-4EA1-9CFF-303A58EDFFF4}.Release|Any CPU.Build.0 = Release|Any CPU
		{F3398669-4AF5-44F7-96DA-79545EBBBAA0}.Debug|Any CPU.ActiveCfg = Debug|Any CPU
		{F3398669-4AF5-44F7-96DA-79545EBBBAA0}.Debug|Any CPU.Build.0 = Debug|Any CPU
		{F3398669-4AF5-44F7-96DA-79545EBBBAA0}.Release|Any CPU.ActiveCfg = Release|Any CPU
		{F3398669-4AF5-44F7-96DA-79545EBBBAA0}.Release|Any CPU.Build.0 = Release|Any CPU
		{2334BDF0-411F-4768-A669-868531F76B7A}.Debug|Any CPU.ActiveCfg = Debug|Any CPU
		{2334BDF0-411F-4768-A669-868531F76B7A}.Debug|Any CPU.Build.0 = Debug|Any CPU
		{2334BDF0-411F-4768-A669-868531F76B7A}.Release|Any CPU.ActiveCfg = Release|Any CPU
		{2334BDF0-411F-4768-A669-868531F76B7A}.Release|Any CPU.Build.0 = Release|Any CPU
		{EAEC35A6-E320-4AED-A811-A00C76FE0968}.Debug|Any CPU.ActiveCfg = Debug|Any CPU
		{EAEC35A6-E320-4AED-A811-A00C76FE0968}.Debug|Any CPU.Build.0 = Debug|Any CPU
		{EAEC35A6-E320-4AED-A811-A00C76FE0968}.Release|Any CPU.ActiveCfg = Release|Any CPU
		{EAEC35A6-E320-4AED-A811-A00C76FE0968}.Release|Any CPU.Build.0 = Release|Any CPU
	EndGlobalSection
	GlobalSection(SolutionProperties) = preSolution
		HideSolutionNode = FALSE
	EndGlobalSection
	GlobalSection(ExtensibilityGlobals) = postSolution
		SolutionGuid = {0C57181D-CAFE-4A8B-A138-EEE65EC03645}
	EndGlobalSection
EndGlobal
